
Microsoft Visual Studio Solution File, Format Version 12.00
# Visual Studio Version 17
VisualStudioVersion = 17.5.33516.290
MinimumVisualStudioVersion = 10.0.40219.1
Project("{9A19103F-16F7-4668-BE54-9A1E7A4F7556}") = "MarsRobot", "MarsRobot\MarsRobot.csproj", "{BAB580CA-A6F1-4669-B9F9-F1BD5A2A3755}"
EndProject
Project("{FAE04EC0-301F-11D3-BF4B-00C04F79EFBC}") = "MarsRobot.Test", "MarsRobot.Test\MarsRobot.Test.csproj", "{75677E76-2EFE-4714-A906-E4161ECD068B}"
EndProject
Global
	GlobalSection(SolutionConfigurationPlatforms) = preSolution
		Debug|Any CPU = Debug|Any CPU
		Release|Any CPU = Release|Any CPU
	EndGlobalSection
	GlobalSection(ProjectConfigurationPlatforms) = postSolution
		{BAB580CA-A6F1-4669-B9F9-F1BD5A2A3755}.Debug|Any CPU.ActiveCfg = Debug|Any CPU
		{BAB580CA-A6F1-4669-B9F9-F1BD5A2A3755}.Debug|Any CPU.Build.0 = Debug|Any CPU
		{BAB580CA-A6F1-4669-B9F9-F1BD5A2A3755}.Release|Any CPU.ActiveCfg = Release|Any CPU
		{BAB580CA-A6F1-4669-B9F9-F1BD5A2A3755}.Release|Any CPU.Build.0 = Release|Any CPU
		{75677E76-2EFE-4714-A906-E4161ECD068B}.Debug|Any CPU.ActiveCfg = Debug|Any CPU
		{75677E76-2EFE-4714-A906-E4161ECD068B}.Debug|Any CPU.Build.0 = Debug|Any CPU
		{75677E76-2EFE-4714-A906-E4161ECD068B}.Release|Any CPU.ActiveCfg = Release|Any CPU
		{75677E76-2EFE-4714-A906-E4161ECD068B}.Release|Any CPU.Build.0 = Release|Any CPU
	EndGlobalSection
	GlobalSection(SolutionProperties) = preSolution
		HideSolutionNode = FALSE
	EndGlobalSection
	GlobalSection(ExtensibilityGlobals) = postSolution
		SolutionGuid = {835DD93A-C7B0-42E6-AEF8-8B2FE95DC39F}
	EndGlobalSection
EndGlobal
